
Microsoft Visual Studio Solution File, Format Version 12.00
# Visual Studio Version 17
VisualStudioVersion = 17.9.34701.34
MinimumVisualStudioVersion = 10.0.40219.1
Project("{FAE04EC0-301F-11D3-BF4B-00C04F79EFBC}") = "CSVHelpertry", "CSVHelpertry\CSVHelpertry.csproj", "{A9F940FA-1886-4B4B-86B9-6D3D5C37516C}"
EndProject
Global
	GlobalSection(SolutionConfigurationPlatforms) = preSolution
		Debug|Any CPU = Debug|Any CPU
		Release|Any CPU = Release|Any CPU
	EndGlobalSection
	GlobalSection(ProjectConfigurationPlatforms) = postSolution
		{A9F940FA-1886-4B4B-86B9-6D3D5C37516C}.Debug|Any CPU.ActiveCfg = Debug|Any CPU
		{A9F940FA-1886-4B4B-86B9-6D3D5C37516C}.Debug|Any CPU.Build.0 = Debug|Any CPU
		{A9F940FA-1886-4B4B-86B9-6D3D5C37516C}.Release|Any CPU.ActiveCfg = Release|Any CPU
		{A9F940FA-1886-4B4B-86B9-6D3D5C37516C}.Release|Any CPU.Build.0 = Release|Any CPU
	EndGlobalSection
	GlobalSection(SolutionProperties) = preSolution
		HideSolutionNode = FALSE
	EndGlobalSection
	GlobalSection(ExtensibilityGlobals) = postSolution
		SolutionGuid = {EEBD7698-F398-4CC9-99B8-90EE09391D2B}
	EndGlobalSection
EndGlobal
